// !$*UTF8*$!
{
	archiveVersion = 1;
	classes = {
	};
	objectVersion = 50;
	objects = {

/* Begin PBXBuildFile section */
		1A0540AE25ADDB7800D005C4 /* CYButton.m in Sources */ = {isa = PBXBuildFile; fileRef = 1A0540AD25ADDB7800D005C4 /* CYButton.m */; };
		1A0540B225ADE05200D005C4 /* CYUIView.m in Sources */ = {isa = PBXBuildFile; fileRef = 1A0540B125ADE05200D005C4 /* CYUIView.m */; };
		1A3891C225B5649000A0F477 /* RunloopWatchController.m in Sources */ = {isa = PBXBuildFile; fileRef = 1A3891C125B5649000A0F477 /* RunloopWatchController.m */; };
		1A429DB725AED448006016FB /* CYOperation.m in Sources */ = {isa = PBXBuildFile; fileRef = 1A429DB625AED448006016FB /* CYOperation.m */; };
		1A4AF31C253492B500009972 /* Person.m in Sources */ = {isa = PBXBuildFile; fileRef = 1A4AF31B253492B500009972 /* Person.m */; };
		1A4AF320253492F600009972 /* Person+test.m in Sources */ = {isa = PBXBuildFile; fileRef = 1A4AF31F253492F600009972 /* Person+test.m */; };
		1ADB5B8B2524323B00952F5F /* AppDelegate.m in Sources */ = {isa = PBXBuildFile; fileRef = 1ADB5B8A2524323B00952F5F /* AppDelegate.m */; };
		1ADB5B8E2524323B00952F5F /* SceneDelegate.m in Sources */ = {isa = PBXBuildFile; fileRef = 1ADB5B8D2524323B00952F5F /* SceneDelegate.m */; };
		1ADB5B912524323B00952F5F /* ViewController.m in Sources */ = {isa = PBXBuildFile; fileRef = 1ADB5B902524323B00952F5F /* ViewController.m */; };
		1ADB5B942524323B00952F5F /* Main.storyboard in Resources */ = {isa = PBXBuildFile; fileRef = 1ADB5B922524323B00952F5F /* Main.storyboard */; };
		1ADB5B962524324000952F5F /* Assets.xcassets in Resources */ = {isa = PBXBuildFile; fileRef = 1ADB5B952524324000952F5F /* Assets.xcassets */; };
		1ADB5B992524324000952F5F /* LaunchScreen.storyboard in Resources */ = {isa = PBXBuildFile; fileRef = 1ADB5B972524324000952F5F /* LaunchScreen.storyboard */; };
		1ADB5B9C2524324000952F5F /* main.m in Sources */ = {isa = PBXBuildFile; fileRef = 1ADB5B9B2524324000952F5F /* main.m */; };
/* End PBXBuildFile section */

/* Begin PBXFileReference section */
		1A0540AC25ADDB7800D005C4 /* CYButton.h */ = {isa = PBXFileReference; lastKnownFileType = sourcecode.c.h; path = CYButton.h; sourceTree = "<group>"; };
		1A0540AD25ADDB7800D005C4 /* CYButton.m */ = {isa = PBXFileReference; lastKnownFileType = sourcecode.c.objc; path = CYButton.m; sourceTree = "<group>"; };
		1A0540B025ADE05200D005C4 /* CYUIView.h */ = {isa = PBXFileReference; lastKnownFileType = sourcecode.c.h; path = CYUIView.h; sourceTree = "<group>"; };
		1A0540B125ADE05200D005C4 /* CYUIView.m */ = {isa = PBXFileReference; lastKnownFileType = sourcecode.c.objc; path = CYUIView.m; sourceTree = "<group>"; };
		1A3891C025B5649000A0F477 /* RunloopWatchController.h */ = {isa = PBXFileReference; lastKnownFileType = sourcecode.c.h; path = RunloopWatchController.h; sourceTree = "<group>"; };
		1A3891C125B5649000A0F477 /* RunloopWatchController.m */ = {isa = PBXFileReference; lastKnownFileType = sourcecode.c.objc; path = RunloopWatchController.m; sourceTree = "<group>"; };
		1A429DB525AED448006016FB /* CYOperation.h */ = {isa = PBXFileReference; lastKnownFileType = sourcecode.c.h; path = CYOperation.h; sourceTree = "<group>"; };
		1A429DB625AED448006016FB /* CYOperation.m */ = {isa = PBXFileReference; lastKnownFileType = sourcecode.c.objc; path = CYOperation.m; sourceTree = "<group>"; };
		1A4AF31A253492B500009972 /* Person.h */ = {isa = PBXFileReference; lastKnownFileType = sourcecode.c.h; path = Person.h; sourceTree = "<group>"; };
		1A4AF31B253492B500009972 /* Person.m */ = {isa = PBXFileReference; lastKnownFileType = sourcecode.c.objc; path = Person.m; sourceTree = "<group>"; };
		1A4AF31E253492F600009972 /* Person+test.h */ = {isa = PBXFileReference; lastKnownFileType = sourcecode.c.h; path = "Person+test.h"; sourceTree = "<group>"; };
		1A4AF31F253492F600009972 /* Person+test.m */ = {isa = PBXFileReference; lastKnownFileType = sourcecode.c.objc; path = "Person+test.m"; sourceTree = "<group>"; };
		1ADB5B862524323B00952F5F /* interview.app */ = {isa = PBXFileReference; explicitFileType = wrapper.application; includeInIndex = 0; path = interview.app; sourceTree = BUILT_PRODUCTS_DIR; };
		1ADB5B892524323B00952F5F /* AppDelegate.h */ = {isa = PBXFileReference; lastKnownFileType = sourcecode.c.h; path = AppDelegate.h; sourceTree = "<group>"; };
		1ADB5B8A2524323B00952F5F /* AppDelegate.m */ = {isa = PBXFileReference; lastKnownFileType = sourcecode.c.objc; path = AppDelegate.m; sourceTree = "<group>"; };
		1ADB5B8C2524323B00952F5F /* SceneDelegate.h */ = {isa = PBXFileReference; lastKnownFileType = sourcecode.c.h; path = SceneDelegate.h; sourceTree = "<group>"; };
		1ADB5B8D2524323B00952F5F /* SceneDelegate.m */ = {isa = PBXFileReference; lastKnownFileType = sourcecode.c.objc; path = SceneDelegate.m; sourceTree = "<group>"; };
		1ADB5B8F2524323B00952F5F /* ViewController.h */ = {isa = PBXFileReference; lastKnownFileType = sourcecode.c.h; path = ViewController.h; sourceTree = "<group>"; };
		1ADB5B902524323B00952F5F /* ViewController.m */ = {isa = PBXFileReference; lastKnownFileType = sourcecode.c.objc; path = ViewController.m; sourceTree = "<group>"; };
		1ADB5B932524323B00952F5F /* Base */ = {isa = PBXFileReference; lastKnownFileType = file.storyboard; name = Base; path = Base.lproj/Main.storyboard; sourceTree = "<group>"; };
		1ADB5B952524324000952F5F /* Assets.xcassets */ = {isa = PBXFileReference; lastKnownFileType = folder.assetcatalog; path = Assets.xcassets; sourceTree = "<group>"; };
		1ADB5B982524324000952F5F /* Base */ = {isa = PBXFileReference; lastKnownFileType = file.storyboard; name = Base; path = Base.lproj/LaunchScreen.storyboard; sourceTree = "<group>"; };
		1ADB5B9A2524324000952F5F /* Info.plist */ = {isa = PBXFileReference; lastKnownFileType = text.plist.xml; path = Info.plist; sourceTree = "<group>"; };
		1ADB5B9B2524324000952F5F /* main.m */ = {isa = PBXFileReference; lastKnownFileType = sourcecode.c.objc; path = main.m; sourceTree = "<group>"; };
/* End PBXFileReference section */

/* Begin PBXFrameworksBuildPhase section */
		1ADB5B832524323B00952F5F /* Frameworks */ = {
			isa = PBXFrameworksBuildPhase;
			buildActionMask = 2147483647;
			files = (
			);
			runOnlyForDeploymentPostprocessing = 0;
		};
/* End PBXFrameworksBuildPhase section */

/* Begin PBXGroup section */
		1ADB5B7D2524323B00952F5F = {
			isa = PBXGroup;
			children = (
				1ADB5B882524323B00952F5F /* interview */,
				1ADB5B872524323B00952F5F /* Products */,
			);
			sourceTree = "<group>";
		};
		1ADB5B872524323B00952F5F /* Products */ = {
			isa = PBXGroup;
			children = (
				1ADB5B862524323B00952F5F /* interview.app */,
			);
			name = Products;
			sourceTree = "<group>";
		};
		1ADB5B882524323B00952F5F /* interview */ = {
			isa = PBXGroup;
			children = (
				1ADB5B892524323B00952F5F /* AppDelegate.h */,
				1ADB5B8A2524323B00952F5F /* AppDelegate.m */,
				1ADB5B8C2524323B00952F5F /* SceneDelegate.h */,
				1ADB5B8D2524323B00952F5F /* SceneDelegate.m */,
				1ADB5B8F2524323B00952F5F /* ViewController.h */,
				1ADB5B902524323B00952F5F /* ViewController.m */,
				1A3891C025B5649000A0F477 /* RunloopWatchController.h */,
				1A3891C125B5649000A0F477 /* RunloopWatchController.m */,
				1A0540AC25ADDB7800D005C4 /* CYButton.h */,
				1A0540AD25ADDB7800D005C4 /* CYButton.m */,
				1A0540B025ADE05200D005C4 /* CYUIView.h */,
				1A0540B125ADE05200D005C4 /* CYUIView.m */,
				1A429DB525AED448006016FB /* CYOperation.h */,
				1A429DB625AED448006016FB /* CYOperation.m */,
				1A4AF31A253492B500009972 /* Person.h */,
				1A4AF31B253492B500009972 /* Person.m */,
				1A4AF31E253492F600009972 /* Person+test.h */,
				1A4AF31F253492F600009972 /* Person+test.m */,
				1ADB5B922524323B00952F5F /* Main.storyboard */,
				1ADB5B952524324000952F5F /* Assets.xcassets */,
				1ADB5B972524324000952F5F /* LaunchScreen.storyboard */,
				1ADB5B9A2524324000952F5F /* Info.plist */,
				1ADB5B9B2524324000952F5F /* main.m */,
			);
			path = interview;
			sourceTree = "<group>";
		};
/* End PBXGroup section */

/* Begin PBXNativeTarget section */
		1ADB5B852524323B00952F5F /* interview */ = {
			isa = PBXNativeTarget;
			buildConfigurationList = 1ADB5B9F2524324000952F5F /* Build configuration list for PBXNativeTarget "interview" */;
			buildPhases = (
				1ADB5B822524323B00952F5F /* Sources */,
				1ADB5B832524323B00952F5F /* Frameworks */,
				1ADB5B842524323B00952F5F /* Resources */,
			);
			buildRules = (
			);
			dependencies = (
			);
			name = interview;
			productName = interview;
			productReference = 1ADB5B862524323B00952F5F /* interview.app */;
			productType = "com.apple.product-type.application";
		};
/* End PBXNativeTarget section */

/* Begin PBXProject section */
		1ADB5B7E2524323B00952F5F /* Project object */ = {
			isa = PBXProject;
			attributes = {
				LastUpgradeCheck = 1150;
				ORGANIZATIONNAME = Mac;
				TargetAttributes = {
					1ADB5B852524323B00952F5F = {
						CreatedOnToolsVersion = 11.5;
					};
				};
			};
			buildConfigurationList = 1ADB5B812524323B00952F5F /* Build configuration list for PBXProject "interview" */;
			compatibilityVersion = "Xcode 9.3";
			developmentRegion = en;
			hasScannedForEncodings = 0;
			knownRegions = (
				en,
				Base,
			);
			mainGroup = 1ADB5B7D2524323B00952F5F;
			productRefGroup = 1ADB5B872524323B00952F5F /* Products */;
			projectDirPath = "";
			projectRoot = "";
			targets = (
				1ADB5B852524323B00952F5F /* interview */,
			);
		};
/* End PBXProject section */

/* Begin PBXResourcesBuildPhase section */
		1ADB5B842524323B00952F5F /* Resources */ = {
			isa = PBXResourcesBuildPhase;
			buildActionMask = 2147483647;
			files = (
				1ADB5B992524324000952F5F /* LaunchScreen.storyboard in Resources */,
				1ADB5B962524324000952F5F /* Assets.xcassets in Resources */,
				1ADB5B942524323B00952F5F /* Main.storyboard in Resources */,
			);
			runOnlyForDeploymentPostprocessing = 0;
		};
/* End PBXResourcesBuildPhase section */

/* Begin PBXSourcesBuildPhase section */
		1ADB5B822524323B00952F5F /* Sources */ = {
			isa = PBXSourcesBuildPhase;
			buildActionMask = 2147483647;
			files = (
				1A4AF320253492F600009972 /* Person+test.m in Sources */,
				1ADB5B912524323B00952F5F /* ViewController.m in Sources */,
				1A0540B225ADE05200D005C4 /* CYUIView.m in Sources */,
				1ADB5B8B2524323B00952F5F /* AppDelegate.m in Sources */,
				1A4AF31C253492B500009972 /* Person.m in Sources */,
				1ADB5B9C2524324000952F5F /* main.m in Sources */,
				1A0540AE25ADDB7800D005C4 /* CYButton.m in Sources */,
				1A429DB725AED448006016FB /* CYOperation.m in Sources */,
				1ADB5B8E2524323B00952F5F /* SceneDelegate.m in Sources */,
				1A3891C225B5649000A0F477 /* RunloopWatchController.m in Sources */,
			);
			runOnlyForDeploymentPostprocessing = 0;
		};
/* End PBXSourcesBuildPhase section */

/* Begin PBXVariantGroup section */
		1ADB5B922524323B00952F5F /* Main.storyboard */ = {
			isa = PBXVariantGroup;
			children = (
				1ADB5B932524323B00952F5F /* Base */,
			);
			name = Main.storyboard;
			sourceTree = "<group>";
		};
		1ADB5B972524324000952F5F /* LaunchScreen.storyboard */ = {
			isa = PBXVariantGroup;
			children = (
				1ADB5B982524324000952F5F /* Base */,
			);
			name = LaunchScreen.storyboard;
			sourceTree = "<group>";
		};
/* End PBXVariantGroup section */

/* Begin XCBuildConfiguration section */
		1ADB5B9D2524324000952F5F /* Debug */ = {
			isa = XCBuildConfiguration;
			buildSettings = {
				ALWAYS_SEARCH_USER_PATHS = NO;
				CLANG_ANALYZER_NONNULL = YES;
				CLANG_ANALYZER_NUMBER_OBJECT_CONVERSION = YES_AGGRESSIVE;
				CLANG_CXX_LANGUAGE_STANDARD = "gnu++14";
				CLANG_CXX_LIBRARY = "libc++";
				CLANG_ENABLE_MODULES = YES;
				CLANG_ENABLE_OBJC_ARC = YES;
				CLANG_ENABLE_OBJC_WEAK = YES;
				CLANG_WARN_BLOCK_CAPTURE_AUTORELEASING = YES;
				CLANG_WARN_BOOL_CONVERSION = YES;
				CLANG_WARN_COMMA = YES;
				CLANG_WARN_CONSTANT_CONVERSION = YES;
				CLANG_WARN_DEPRECATED_OBJC_IMPLEMENTATIONS = YES;
				CLANG_WARN_DIRECT_OBJC_ISA_USAGE = YES_ERROR;
				CLANG_WARN_DOCUMENTATION_COMMENTS = YES;
				CLANG_WARN_EMPTY_BODY = YES;
				CLANG_WARN_ENUM_CONVERSION = YES;
				CLANG_WARN_INFINITE_RECURSION = YES;
				CLANG_WARN_INT_CONVERSION = YES;
				CLANG_WARN_NON_LITERAL_NULL_CONVERSION = YES;
				CLANG_WARN_OBJC_IMPLICIT_RETAIN_SELF = YES;
				CLANG_WARN_OBJC_LITERAL_CONVERSION = YES;
				CLANG_WARN_OBJC_ROOT_CLASS = YES_ERROR;
				CLANG_WARN_RANGE_LOOP_ANALYSIS = YES;
				CLANG_WARN_STRICT_PROTOTYPES = YES;
				CLANG_WARN_SUSPICIOUS_MOVE = YES;
				CLANG_WARN_UNGUARDED_AVAILABILITY = YES_AGGRESSIVE;
				CLANG_WARN_UNREACHABLE_CODE = YES;
				CLANG_WARN__DUPLICATE_METHOD_MATCH = YES;
				COPY_PHASE_STRIP = NO;
				DEBUG_INFORMATION_FORMAT = dwarf;
				ENABLE_STRICT_OBJC_MSGSEND = YES;
				ENABLE_TESTABILITY = YES;
				GCC_C_LANGUAGE_STANDARD = gnu11;
				GCC_DYNAMIC_NO_PIC = NO;
				GCC_NO_COMMON_BLOCKS = YES;
				GCC_OPTIMIZATION_LEVEL = 0;
				GCC_PREPROCESSOR_DEFINITIONS = (
					"DEBUG=1",
					"$(inherited)",
				);
				GCC_WARN_64_TO_32_BIT_CONVERSION = YES;
				GCC_WARN_ABOUT_RETURN_TYPE = YES_ERROR;
				GCC_WARN_UNDECLARED_SELECTOR = YES;
				GCC_WARN_UNINITIALIZED_AUTOS = YES_AGGRESSIVE;
				GCC_WARN_UNUSED_FUNCTION = YES;
				GCC_WARN_UNUSED_VARIABLE = YES;
				IPHONEOS_DEPLOYMENT_TARGET = 13.5;
				MTL_ENABLE_DEBUG_INFO = INCLUDE_SOURCE;
				MTL_FAST_MATH = YES;
				ONLY_ACTIVE_ARCH = YES;
				SDKROOT = iphoneos;
			};
			name = Debug;
		};
		1ADB5B9E2524324000952F5F /* Release */ = {
			isa = XCBuildConfiguration;
			buildSettings = {
				ALWAYS_SEARCH_USER_PATHS = NO;
				CLANG_ANALYZER_NONNULL = YES;
				CLANG_ANALYZER_NUMBER_OBJECT_CONVERSION = YES_AGGRESSIVE;
				CLANG_CXX_LANGUAGE_STANDARD = "gnu++14";
				CLANG_CXX_LIBRARY = "libc++";
				CLANG_ENABLE_MODULES = YES;
				CLANG_ENABLE_OBJC_ARC = YES;
				CLANG_ENABLE_OBJC_WEAK = YES;
				CLANG_WARN_BLOCK_CAPTURE_AUTORELEASING = YES;
				CLANG_WARN_BOOL_CONVERSION = YES;
				CLANG_WARN_COMMA = YES;
				CLANG_WARN_CONSTANT_CONVERSION = YES;
				CLANG_WARN_DEPRECATED_OBJC_IMPLEMENTATIONS = YES;
				CLANG_WARN_DIRECT_OBJC_ISA_USAGE = YES_ERROR;
				CLANG_WARN_DOCUMENTATION_COMMENTS = YES;
				CLANG_WARN_EMPTY_BODY = YES;
				CLANG_WARN_ENUM_CONVERSION = YES;
				CLANG_WARN_INFINITE_RECURSION = YES;
				CLANG_WARN_INT_CONVERSION = YES;
				CLANG_WARN_NON_LITERAL_NULL_CONVERSION = YES;
				CLANG_WARN_OBJC_IMPLICIT_RETAIN_SELF = YES;
				CLANG_WARN_OBJC_LITERAL_CONVERSION = YES;
				CLANG_WARN_OBJC_ROOT_CLASS = YES_ERROR;
				CLANG_WARN_RANGE_LOOP_ANALYSIS = YES;
				CLANG_WARN_STRICT_PROTOTYPES = YES;
				CLANG_WARN_SUSPICIOUS_MOVE = YES;
				CLANG_WARN_UNGUARDED_AVAILABILITY = YES_AGGRESSIVE;
				CLANG_WARN_UNREACHABLE_CODE = YES;
				CLANG_WARN__DUPLICATE_METHOD_MATCH = YES;
				COPY_PHASE_STRIP = NO;
				DEBUG_INFORMATION_FORMAT = "dwarf-with-dsym";
				ENABLE_NS_ASSERTIONS = NO;
				ENABLE_STRICT_OBJC_MSGSEND = YES;
				GCC_C_LANGUAGE_STANDARD = gnu11;
				GCC_NO_COMMON_BLOCKS = YES;
				GCC_WARN_64_TO_32_BIT_CONVERSION = YES;
				GCC_WARN_ABOUT_RETURN_TYPE = YES_ERROR;
				GCC_WARN_UNDECLARED_SELECTOR = YES;
				GCC_WARN_UNINITIALIZED_AUTOS = YES_AGGRESSIVE;
				GCC_WARN_UNUSED_FUNCTION = YES;
				GCC_WARN_UNUSED_VARIABLE = YES;
				IPHONEOS_DEPLOYMENT_TARGET = 13.5;
				MTL_ENABLE_DEBUG_INFO = NO;
				MTL_FAST_MATH = YES;
				SDKROOT = iphoneos;
				VALIDATE_PRODUCT = YES;
			};
			name = Release;
		};
		1ADB5BA02524324000952F5F /* Debug */ = {
			isa = XCBuildConfiguration;
			buildSettings = {
				ASSETCATALOG_COMPILER_APPICON_NAME = AppIcon;
				CODE_SIGN_STYLE = Automatic;
				INFOPLIST_FILE = interview/Info.plist;
				LD_RUNPATH_SEARCH_PATHS = (
					"$(inherited)",
					"@executable_path/Frameworks",
				);
				PRODUCT_BUNDLE_IDENTIFIER = yyq.interview;
				PRODUCT_NAME = "$(TARGET_NAME)";
				TARGETED_DEVICE_FAMILY = "1,2";
			};
			name = Debug;
		};
		1ADB5BA12524324000952F5F /* Release */ = {
			isa = XCBuildConfiguration;
			buildSettings = {
				ASSETCATALOG_COMPILER_APPICON_NAME = AppIcon;
				CODE_SIGN_STYLE = Automatic;
				INFOPLIST_FILE = interview/Info.plist;
				LD_RUNPATH_SEARCH_PATHS = (
					"$(inherited)",
					"@executable_path/Frameworks",
				);
				PRODUCT_BUNDLE_IDENTIFIER = yyq.interview;
				PRODUCT_NAME = "$(TARGET_NAME)";
				TARGETED_DEVICE_FAMILY = "1,2";
			};
			name = Release;
		};
/* End XCBuildConfiguration section */

/* Begin XCConfigurationList section */
		1ADB5B812524323B00952F5F /* Build configuration list for PBXProject "interview" */ = {
			isa = XCConfigurationList;
			buildConfigurations = (
				1ADB5B9D2524324000952F5F /* Debug */,
				1ADB5B9E2524324000952F5F /* Release */,
			);
			defaultConfigurationIsVisible = 0;
			defaultConfigurationName = Release;
		};
		1ADB5B9F2524324000952F5F /* Build configuration list for PBXNativeTarget "interview" */ = {
			isa = XCConfigurationList;
			buildConfigurations = (
				1ADB5BA02524324000952F5F /* Debug */,
				1ADB5BA12524324000952F5F /* Release */,
			);
			defaultConfigurationIsVisible = 0;
			defaultConfigurationName = Release;
		};
/* End XCConfigurationList section */
	};
	rootObject = 1ADB5B7E2524323B00952F5F /* Project object */;
}
