// !$*UTF8*$!
{
	archiveVersion = 1;
	classes = {
	};
	objectVersion = 50;
	objects = {

/* Begin PBXBuildFile section */
		1A278566258858B1006C8C18 /* AppDelegate.m in Sources */ = {isa = PBXBuildFile; fileRef = 1A278565258858B1006C8C18 /* AppDelegate.m */; };
		1A278569258858B1006C8C18 /* SceneDelegate.m in Sources */ = {isa = PBXBuildFile; fileRef = 1A278568258858B1006C8C18 /* SceneDelegate.m */; };
		1A27856C258858B1006C8C18 /* ViewController.m in Sources */ = {isa = PBXBuildFile; fileRef = 1A27856B258858B1006C8C18 /* ViewController.m */; };
		1A27856F258858B1006C8C18 /* Main.storyboard in Resources */ = {isa = PBXBuildFile; fileRef = 1A27856D258858B1006C8C18 /* Main.storyboard */; };
		1A278571258858B5006C8C18 /* Assets.xcassets in Resources */ = {isa = PBXBuildFile; fileRef = 1A278570258858B5006C8C18 /* Assets.xcassets */; };
		1A278574258858B5006C8C18 /* LaunchScreen.storyboard in Resources */ = {isa = PBXBuildFile; fileRef = 1A278572258858B5006C8C18 /* LaunchScreen.storyboard */; };
		1A278577258858B5006C8C18 /* main.m in Sources */ = {isa = PBXBuildFile; fileRef = 1A278576258858B5006C8C18 /* main.m */; };
		1A27858025885F9F006C8C18 /* CYProxy.m in Sources */ = {isa = PBXBuildFile; fileRef = 1A27857F25885F9F006C8C18 /* CYProxy.m */; };
/* End PBXBuildFile section */

/* Begin PBXFileReference section */
		1A278561258858B1006C8C18 /* 33 内存管理定时器.app */ = {isa = PBXFileReference; explicitFileType = wrapper.application; includeInIndex = 0; path = "33 内存管理定时器.app"; sourceTree = BUILT_PRODUCTS_DIR; };
		1A278564258858B1006C8C18 /* AppDelegate.h */ = {isa = PBXFileReference; lastKnownFileType = sourcecode.c.h; path = AppDelegate.h; sourceTree = "<group>"; };
		1A278565258858B1006C8C18 /* AppDelegate.m */ = {isa = PBXFileReference; lastKnownFileType = sourcecode.c.objc; path = AppDelegate.m; sourceTree = "<group>"; };
		1A278567258858B1006C8C18 /* SceneDelegate.h */ = {isa = PBXFileReference; lastKnownFileType = sourcecode.c.h; path = SceneDelegate.h; sourceTree = "<group>"; };
		1A278568258858B1006C8C18 /* SceneDelegate.m */ = {isa = PBXFileReference; lastKnownFileType = sourcecode.c.objc; path = SceneDelegate.m; sourceTree = "<group>"; };
		1A27856A258858B1006C8C18 /* ViewController.h */ = {isa = PBXFileReference; lastKnownFileType = sourcecode.c.h; path = ViewController.h; sourceTree = "<group>"; };
		1A27856B258858B1006C8C18 /* ViewController.m */ = {isa = PBXFileReference; lastKnownFileType = sourcecode.c.objc; path = ViewController.m; sourceTree = "<group>"; };
		1A27856E258858B1006C8C18 /* Base */ = {isa = PBXFileReference; lastKnownFileType = file.storyboard; name = Base; path = Base.lproj/Main.storyboard; sourceTree = "<group>"; };
		1A278570258858B5006C8C18 /* Assets.xcassets */ = {isa = PBXFileReference; lastKnownFileType = folder.assetcatalog; path = Assets.xcassets; sourceTree = "<group>"; };
		1A278573258858B5006C8C18 /* Base */ = {isa = PBXFileReference; lastKnownFileType = file.storyboard; name = Base; path = Base.lproj/LaunchScreen.storyboard; sourceTree = "<group>"; };
		1A278575258858B5006C8C18 /* Info.plist */ = {isa = PBXFileReference; lastKnownFileType = text.plist.xml; path = Info.plist; sourceTree = "<group>"; };
		1A278576258858B5006C8C18 /* main.m */ = {isa = PBXFileReference; lastKnownFileType = sourcecode.c.objc; path = main.m; sourceTree = "<group>"; };
		1A27857E25885F9F006C8C18 /* CYProxy.h */ = {isa = PBXFileReference; lastKnownFileType = sourcecode.c.h; path = CYProxy.h; sourceTree = "<group>"; };
		1A27857F25885F9F006C8C18 /* CYProxy.m */ = {isa = PBXFileReference; lastKnownFileType = sourcecode.c.objc; path = CYProxy.m; sourceTree = "<group>"; };
/* End PBXFileReference section */

/* Begin PBXFrameworksBuildPhase section */
		1A27855E258858B1006C8C18 /* Frameworks */ = {
			isa = PBXFrameworksBuildPhase;
			buildActionMask = 2147483647;
			files = (
			);
			runOnlyForDeploymentPostprocessing = 0;
		};
/* End PBXFrameworksBuildPhase section */

/* Begin PBXGroup section */
		1A278558258858B1006C8C18 = {
			isa = PBXGroup;
			children = (
				1A278563258858B1006C8C18 /* 33 内存管理定时器 */,
				1A278562258858B1006C8C18 /* Products */,
			);
			sourceTree = "<group>";
		};
		1A278562258858B1006C8C18 /* Products */ = {
			isa = PBXGroup;
			children = (
				1A278561258858B1006C8C18 /* 33 内存管理定时器.app */,
			);
			name = Products;
			sourceTree = "<group>";
		};
		1A278563258858B1006C8C18 /* 33 内存管理定时器 */ = {
			isa = PBXGroup;
			children = (
				1A278564258858B1006C8C18 /* AppDelegate.h */,
				1A278565258858B1006C8C18 /* AppDelegate.m */,
				1A278567258858B1006C8C18 /* SceneDelegate.h */,
				1A278568258858B1006C8C18 /* SceneDelegate.m */,
				1A27856A258858B1006C8C18 /* ViewController.h */,
				1A27856B258858B1006C8C18 /* ViewController.m */,
				1A27857E25885F9F006C8C18 /* CYProxy.h */,
				1A27857F25885F9F006C8C18 /* CYProxy.m */,
				1A27856D258858B1006C8C18 /* Main.storyboard */,
				1A278570258858B5006C8C18 /* Assets.xcassets */,
				1A278572258858B5006C8C18 /* LaunchScreen.storyboard */,
				1A278575258858B5006C8C18 /* Info.plist */,
				1A278576258858B5006C8C18 /* main.m */,
			);
			path = "33 内存管理定时器";
			sourceTree = "<group>";
		};
/* End PBXGroup section */

/* Begin PBXNativeTarget section */
		1A278560258858B1006C8C18 /* 33 内存管理定时器 */ = {
			isa = PBXNativeTarget;
			buildConfigurationList = 1A27857A258858B5006C8C18 /* Build configuration list for PBXNativeTarget "33 内存管理定时器" */;
			buildPhases = (
				1A27855D258858B1006C8C18 /* Sources */,
				1A27855E258858B1006C8C18 /* Frameworks */,
				1A27855F258858B1006C8C18 /* Resources */,
			);
			buildRules = (
			);
			dependencies = (
			);
			name = "33 内存管理定时器";
			productName = "33 内存管理定时器";
			productReference = 1A278561258858B1006C8C18 /* 33 内存管理定时器.app */;
			productType = "com.apple.product-type.application";
		};
/* End PBXNativeTarget section */

/* Begin PBXProject section */
		1A278559258858B1006C8C18 /* Project object */ = {
			isa = PBXProject;
			attributes = {
				LastUpgradeCheck = 1220;
				TargetAttributes = {
					1A278560258858B1006C8C18 = {
						CreatedOnToolsVersion = 12.2;
					};
				};
			};
			buildConfigurationList = 1A27855C258858B1006C8C18 /* Build configuration list for PBXProject "33 内存管理定时器" */;
			compatibilityVersion = "Xcode 9.3";
			developmentRegion = en;
			hasScannedForEncodings = 0;
			knownRegions = (
				en,
				Base,
			);
			mainGroup = 1A278558258858B1006C8C18;
			productRefGroup = 1A278562258858B1006C8C18 /* Products */;
			projectDirPath = "";
			projectRoot = "";
			targets = (
				1A278560258858B1006C8C18 /* 33 内存管理定时器 */,
			);
		};
/* End PBXProject section */

/* Begin PBXResourcesBuildPhase section */
		1A27855F258858B1006C8C18 /* Resources */ = {
			isa = PBXResourcesBuildPhase;
			buildActionMask = 2147483647;
			files = (
				1A278574258858B5006C8C18 /* LaunchScreen.storyboard in Resources */,
				1A278571258858B5006C8C18 /* Assets.xcassets in Resources */,
				1A27856F258858B1006C8C18 /* Main.storyboard in Resources */,
			);
			runOnlyForDeploymentPostprocessing = 0;
		};
/* End PBXResourcesBuildPhase section */

/* Begin PBXSourcesBuildPhase section */
		1A27855D258858B1006C8C18 /* Sources */ = {
			isa = PBXSourcesBuildPhase;
			buildActionMask = 2147483647;
			files = (
				1A27856C258858B1006C8C18 /* ViewController.m in Sources */,
				1A278566258858B1006C8C18 /* AppDelegate.m in Sources */,
				1A278577258858B5006C8C18 /* main.m in Sources */,
				1A278569258858B1006C8C18 /* SceneDelegate.m in Sources */,
				1A27858025885F9F006C8C18 /* CYProxy.m in Sources */,
			);
			runOnlyForDeploymentPostprocessing = 0;
		};
/* End PBXSourcesBuildPhase section */

/* Begin PBXVariantGroup section */
		1A27856D258858B1006C8C18 /* Main.storyboard */ = {
			isa = PBXVariantGroup;
			children = (
				1A27856E258858B1006C8C18 /* Base */,
			);
			name = Main.storyboard;
			sourceTree = "<group>";
		};
		1A278572258858B5006C8C18 /* LaunchScreen.storyboard */ = {
			isa = PBXVariantGroup;
			children = (
				1A278573258858B5006C8C18 /* Base */,
			);
			name = LaunchScreen.storyboard;
			sourceTree = "<group>";
		};
/* End PBXVariantGroup section */

/* Begin XCBuildConfiguration section */
		1A278578258858B5006C8C18 /* Debug */ = {
			isa = XCBuildConfiguration;
			buildSettings = {
				ALWAYS_SEARCH_USER_PATHS = NO;
				CLANG_ANALYZER_NONNULL = YES;
				CLANG_ANALYZER_NUMBER_OBJECT_CONVERSION = YES_AGGRESSIVE;
				CLANG_CXX_LANGUAGE_STANDARD = "gnu++14";
				CLANG_CXX_LIBRARY = "libc++";
				CLANG_ENABLE_MODULES = YES;
				CLANG_ENABLE_OBJC_ARC = YES;
				CLANG_ENABLE_OBJC_WEAK = YES;
				CLANG_WARN_BLOCK_CAPTURE_AUTORELEASING = YES;
				CLANG_WARN_BOOL_CONVERSION = YES;
				CLANG_WARN_COMMA = YES;
				CLANG_WARN_CONSTANT_CONVERSION = YES;
				CLANG_WARN_DEPRECATED_OBJC_IMPLEMENTATIONS = YES;
				CLANG_WARN_DIRECT_OBJC_ISA_USAGE = YES_ERROR;
				CLANG_WARN_DOCUMENTATION_COMMENTS = YES;
				CLANG_WARN_EMPTY_BODY = YES;
				CLANG_WARN_ENUM_CONVERSION = YES;
				CLANG_WARN_INFINITE_RECURSION = YES;
				CLANG_WARN_INT_CONVERSION = YES;
				CLANG_WARN_NON_LITERAL_NULL_CONVERSION = YES;
				CLANG_WARN_OBJC_IMPLICIT_RETAIN_SELF = YES;
				CLANG_WARN_OBJC_LITERAL_CONVERSION = YES;
				CLANG_WARN_OBJC_ROOT_CLASS = YES_ERROR;
				CLANG_WARN_QUOTED_INCLUDE_IN_FRAMEWORK_HEADER = YES;
				CLANG_WARN_RANGE_LOOP_ANALYSIS = YES;
				CLANG_WARN_STRICT_PROTOTYPES = YES;
				CLANG_WARN_SUSPICIOUS_MOVE = YES;
				CLANG_WARN_UNGUARDED_AVAILABILITY = YES_AGGRESSIVE;
				CLANG_WARN_UNREACHABLE_CODE = YES;
				CLANG_WARN__DUPLICATE_METHOD_MATCH = YES;
				COPY_PHASE_STRIP = NO;
				DEBUG_INFORMATION_FORMAT = dwarf;
				ENABLE_STRICT_OBJC_MSGSEND = YES;
				ENABLE_TESTABILITY = YES;
				GCC_C_LANGUAGE_STANDARD = gnu11;
				GCC_DYNAMIC_NO_PIC = NO;
				GCC_NO_COMMON_BLOCKS = YES;
				GCC_OPTIMIZATION_LEVEL = 0;
				GCC_PREPROCESSOR_DEFINITIONS = (
					"DEBUG=1",
					"$(inherited)",
				);
				GCC_WARN_64_TO_32_BIT_CONVERSION = YES;
				GCC_WARN_ABOUT_RETURN_TYPE = YES_ERROR;
				GCC_WARN_UNDECLARED_SELECTOR = YES;
				GCC_WARN_UNINITIALIZED_AUTOS = YES_AGGRESSIVE;
				GCC_WARN_UNUSED_FUNCTION = YES;
				GCC_WARN_UNUSED_VARIABLE = YES;
				IPHONEOS_DEPLOYMENT_TARGET = 14.2;
				MTL_ENABLE_DEBUG_INFO = INCLUDE_SOURCE;
				MTL_FAST_MATH = YES;
				ONLY_ACTIVE_ARCH = YES;
				SDKROOT = iphoneos;
			};
			name = Debug;
		};
		1A278579258858B5006C8C18 /* Release */ = {
			isa = XCBuildConfiguration;
			buildSettings = {
				ALWAYS_SEARCH_USER_PATHS = NO;
				CLANG_ANALYZER_NONNULL = YES;
				CLANG_ANALYZER_NUMBER_OBJECT_CONVERSION = YES_AGGRESSIVE;
				CLANG_CXX_LANGUAGE_STANDARD = "gnu++14";
				CLANG_CXX_LIBRARY = "libc++";
				CLANG_ENABLE_MODULES = YES;
				CLANG_ENABLE_OBJC_ARC = YES;
				CLANG_ENABLE_OBJC_WEAK = YES;
				CLANG_WARN_BLOCK_CAPTURE_AUTORELEASING = YES;
				CLANG_WARN_BOOL_CONVERSION = YES;
				CLANG_WARN_COMMA = YES;
				CLANG_WARN_CONSTANT_CONVERSION = YES;
				CLANG_WARN_DEPRECATED_OBJC_IMPLEMENTATIONS = YES;
				CLANG_WARN_DIRECT_OBJC_ISA_USAGE = YES_ERROR;
				CLANG_WARN_DOCUMENTATION_COMMENTS = YES;
				CLANG_WARN_EMPTY_BODY = YES;
				CLANG_WARN_ENUM_CONVERSION = YES;
				CLANG_WARN_INFINITE_RECURSION = YES;
				CLANG_WARN_INT_CONVERSION = YES;
				CLANG_WARN_NON_LITERAL_NULL_CONVERSION = YES;
				CLANG_WARN_OBJC_IMPLICIT_RETAIN_SELF = YES;
				CLANG_WARN_OBJC_LITERAL_CONVERSION = YES;
				CLANG_WARN_OBJC_ROOT_CLASS = YES_ERROR;
				CLANG_WARN_QUOTED_INCLUDE_IN_FRAMEWORK_HEADER = YES;
				CLANG_WARN_RANGE_LOOP_ANALYSIS = YES;
				CLANG_WARN_STRICT_PROTOTYPES = YES;
				CLANG_WARN_SUSPICIOUS_MOVE = YES;
				CLANG_WARN_UNGUARDED_AVAILABILITY = YES_AGGRESSIVE;
				CLANG_WARN_UNREACHABLE_CODE = YES;
				CLANG_WARN__DUPLICATE_METHOD_MATCH = YES;
				COPY_PHASE_STRIP = NO;
				DEBUG_INFORMATION_FORMAT = "dwarf-with-dsym";
				ENABLE_NS_ASSERTIONS = NO;
				ENABLE_STRICT_OBJC_MSGSEND = YES;
				GCC_C_LANGUAGE_STANDARD = gnu11;
				GCC_NO_COMMON_BLOCKS = YES;
				GCC_WARN_64_TO_32_BIT_CONVERSION = YES;
				GCC_WARN_ABOUT_RETURN_TYPE = YES_ERROR;
				GCC_WARN_UNDECLARED_SELECTOR = YES;
				GCC_WARN_UNINITIALIZED_AUTOS = YES_AGGRESSIVE;
				GCC_WARN_UNUSED_FUNCTION = YES;
				GCC_WARN_UNUSED_VARIABLE = YES;
				IPHONEOS_DEPLOYMENT_TARGET = 14.2;
				MTL_ENABLE_DEBUG_INFO = NO;
				MTL_FAST_MATH = YES;
				SDKROOT = iphoneos;
				VALIDATE_PRODUCT = YES;
			};
			name = Release;
		};
		1A27857B258858B5006C8C18 /* Debug */ = {
			isa = XCBuildConfiguration;
			buildSettings = {
				ASSETCATALOG_COMPILER_APPICON_NAME = AppIcon;
				ASSETCATALOG_COMPILER_GLOBAL_ACCENT_COLOR_NAME = AccentColor;
				CODE_SIGN_STYLE = Automatic;
				INFOPLIST_FILE = "33 内存管理定时器/Info.plist";
				LD_RUNPATH_SEARCH_PATHS = (
					"$(inherited)",
					"@executable_path/Frameworks",
				);
				PRODUCT_BUNDLE_IDENTIFIER = "yyq.-3--------";
				PRODUCT_NAME = "$(TARGET_NAME)";
				TARGETED_DEVICE_FAMILY = "1,2";
			};
			name = Debug;
		};
		1A27857C258858B5006C8C18 /* Release */ = {
			isa = XCBuildConfiguration;
			buildSettings = {
				ASSETCATALOG_COMPILER_APPICON_NAME = AppIcon;
				ASSETCATALOG_COMPILER_GLOBAL_ACCENT_COLOR_NAME = AccentColor;
				CODE_SIGN_STYLE = Automatic;
				INFOPLIST_FILE = "33 内存管理定时器/Info.plist";
				LD_RUNPATH_SEARCH_PATHS = (
					"$(inherited)",
					"@executable_path/Frameworks",
				);
				PRODUCT_BUNDLE_IDENTIFIER = "yyq.-3--------";
				PRODUCT_NAME = "$(TARGET_NAME)";
				TARGETED_DEVICE_FAMILY = "1,2";
			};
			name = Release;
		};
/* End XCBuildConfiguration section */

/* Begin XCConfigurationList section */
		1A27855C258858B1006C8C18 /* Build configuration list for PBXProject "33 内存管理定时器" */ = {
			isa = XCConfigurationList;
			buildConfigurations = (
				1A278578258858B5006C8C18 /* Debug */,
				1A278579258858B5006C8C18 /* Release */,
			);
			defaultConfigurationIsVisible = 0;
			defaultConfigurationName = Release;
		};
		1A27857A258858B5006C8C18 /* Build configuration list for PBXNativeTarget "33 内存管理定时器" */ = {
			isa = XCConfigurationList;
			buildConfigurations = (
				1A27857B258858B5006C8C18 /* Debug */,
				1A27857C258858B5006C8C18 /* Release */,
			);
			defaultConfigurationIsVisible = 0;
			defaultConfigurationName = Release;
		};
/* End XCConfigurationList section */
	};
	rootObject = 1A278559258858B1006C8C18 /* Project object */;
}
