// !$*UTF8*$!
{
	archiveVersion = 1;
	classes = {
	};
	objectVersion = 50;
	objects = {

/* Begin PBXBuildFile section */
		1A83EC5025518CB20073D4AC /* AppDelegate.m in Sources */ = {isa = PBXBuildFile; fileRef = 1A83EC4F25518CB20073D4AC /* AppDelegate.m */; };
		1A83EC5325518CB20073D4AC /* SceneDelegate.m in Sources */ = {isa = PBXBuildFile; fileRef = 1A83EC5225518CB20073D4AC /* SceneDelegate.m */; };
		1A83EC5625518CB20073D4AC /* ViewController.m in Sources */ = {isa = PBXBuildFile; fileRef = 1A83EC5525518CB20073D4AC /* ViewController.m */; };
		1A83EC5925518CB20073D4AC /* Main.storyboard in Resources */ = {isa = PBXBuildFile; fileRef = 1A83EC5725518CB20073D4AC /* Main.storyboard */; };
		1A83EC5B25518CB50073D4AC /* Assets.xcassets in Resources */ = {isa = PBXBuildFile; fileRef = 1A83EC5A25518CB50073D4AC /* Assets.xcassets */; };
		1A83EC5E25518CB50073D4AC /* LaunchScreen.storyboard in Resources */ = {isa = PBXBuildFile; fileRef = 1A83EC5C25518CB50073D4AC /* LaunchScreen.storyboard */; };
		1A83EC6125518CB50073D4AC /* main.m in Sources */ = {isa = PBXBuildFile; fileRef = 1A83EC6025518CB50073D4AC /* main.m */; };
		1A83EC6A25518CD00073D4AC /* Person.m in Sources */ = {isa = PBXBuildFile; fileRef = 1A83EC6925518CD00073D4AC /* Person.m */; };
/* End PBXBuildFile section */

/* Begin PBXFileReference section */
		1A83EC4B25518CB20073D4AC /* 20 super.app */ = {isa = PBXFileReference; explicitFileType = wrapper.application; includeInIndex = 0; path = "20 super.app"; sourceTree = BUILT_PRODUCTS_DIR; };
		1A83EC4E25518CB20073D4AC /* AppDelegate.h */ = {isa = PBXFileReference; lastKnownFileType = sourcecode.c.h; path = AppDelegate.h; sourceTree = "<group>"; };
		1A83EC4F25518CB20073D4AC /* AppDelegate.m */ = {isa = PBXFileReference; lastKnownFileType = sourcecode.c.objc; path = AppDelegate.m; sourceTree = "<group>"; };
		1A83EC5125518CB20073D4AC /* SceneDelegate.h */ = {isa = PBXFileReference; lastKnownFileType = sourcecode.c.h; path = SceneDelegate.h; sourceTree = "<group>"; };
		1A83EC5225518CB20073D4AC /* SceneDelegate.m */ = {isa = PBXFileReference; lastKnownFileType = sourcecode.c.objc; path = SceneDelegate.m; sourceTree = "<group>"; };
		1A83EC5425518CB20073D4AC /* ViewController.h */ = {isa = PBXFileReference; lastKnownFileType = sourcecode.c.h; path = ViewController.h; sourceTree = "<group>"; };
		1A83EC5525518CB20073D4AC /* ViewController.m */ = {isa = PBXFileReference; lastKnownFileType = sourcecode.c.objc; path = ViewController.m; sourceTree = "<group>"; };
		1A83EC5825518CB20073D4AC /* Base */ = {isa = PBXFileReference; lastKnownFileType = file.storyboard; name = Base; path = Base.lproj/Main.storyboard; sourceTree = "<group>"; };
		1A83EC5A25518CB50073D4AC /* Assets.xcassets */ = {isa = PBXFileReference; lastKnownFileType = folder.assetcatalog; path = Assets.xcassets; sourceTree = "<group>"; };
		1A83EC5D25518CB50073D4AC /* Base */ = {isa = PBXFileReference; lastKnownFileType = file.storyboard; name = Base; path = Base.lproj/LaunchScreen.storyboard; sourceTree = "<group>"; };
		1A83EC5F25518CB50073D4AC /* Info.plist */ = {isa = PBXFileReference; lastKnownFileType = text.plist.xml; path = Info.plist; sourceTree = "<group>"; };
		1A83EC6025518CB50073D4AC /* main.m */ = {isa = PBXFileReference; lastKnownFileType = sourcecode.c.objc; path = main.m; sourceTree = "<group>"; };
		1A83EC6825518CD00073D4AC /* Person.h */ = {isa = PBXFileReference; lastKnownFileType = sourcecode.c.h; path = Person.h; sourceTree = "<group>"; };
		1A83EC6925518CD00073D4AC /* Person.m */ = {isa = PBXFileReference; lastKnownFileType = sourcecode.c.objc; path = Person.m; sourceTree = "<group>"; };
/* End PBXFileReference section */

/* Begin PBXFrameworksBuildPhase section */
		1A83EC4825518CB20073D4AC /* Frameworks */ = {
			isa = PBXFrameworksBuildPhase;
			buildActionMask = 2147483647;
			files = (
			);
			runOnlyForDeploymentPostprocessing = 0;
		};
/* End PBXFrameworksBuildPhase section */

/* Begin PBXGroup section */
		1A83EC4225518CB20073D4AC = {
			isa = PBXGroup;
			children = (
				1A83EC4D25518CB20073D4AC /* 20 super */,
				1A83EC4C25518CB20073D4AC /* Products */,
			);
			sourceTree = "<group>";
		};
		1A83EC4C25518CB20073D4AC /* Products */ = {
			isa = PBXGroup;
			children = (
				1A83EC4B25518CB20073D4AC /* 20 super.app */,
			);
			name = Products;
			sourceTree = "<group>";
		};
		1A83EC4D25518CB20073D4AC /* 20 super */ = {
			isa = PBXGroup;
			children = (
				1A83EC4E25518CB20073D4AC /* AppDelegate.h */,
				1A83EC4F25518CB20073D4AC /* AppDelegate.m */,
				1A83EC5125518CB20073D4AC /* SceneDelegate.h */,
				1A83EC5225518CB20073D4AC /* SceneDelegate.m */,
				1A83EC5425518CB20073D4AC /* ViewController.h */,
				1A83EC5525518CB20073D4AC /* ViewController.m */,
				1A83EC6825518CD00073D4AC /* Person.h */,
				1A83EC6925518CD00073D4AC /* Person.m */,
				1A83EC5725518CB20073D4AC /* Main.storyboard */,
				1A83EC5A25518CB50073D4AC /* Assets.xcassets */,
				1A83EC5C25518CB50073D4AC /* LaunchScreen.storyboard */,
				1A83EC5F25518CB50073D4AC /* Info.plist */,
				1A83EC6025518CB50073D4AC /* main.m */,
			);
			path = "20 super";
			sourceTree = "<group>";
		};
/* End PBXGroup section */

/* Begin PBXNativeTarget section */
		1A83EC4A25518CB20073D4AC /* 20 super */ = {
			isa = PBXNativeTarget;
			buildConfigurationList = 1A83EC6425518CB50073D4AC /* Build configuration list for PBXNativeTarget "20 super" */;
			buildPhases = (
				1A83EC4725518CB20073D4AC /* Sources */,
				1A83EC4825518CB20073D4AC /* Frameworks */,
				1A83EC4925518CB20073D4AC /* Resources */,
			);
			buildRules = (
			);
			dependencies = (
			);
			name = "20 super";
			productName = "20 super";
			productReference = 1A83EC4B25518CB20073D4AC /* 20 super.app */;
			productType = "com.apple.product-type.application";
		};
/* End PBXNativeTarget section */

/* Begin PBXProject section */
		1A83EC4325518CB20073D4AC /* Project object */ = {
			isa = PBXProject;
			attributes = {
				LastUpgradeCheck = 1200;
				TargetAttributes = {
					1A83EC4A25518CB20073D4AC = {
						CreatedOnToolsVersion = 12.0.1;
					};
				};
			};
			buildConfigurationList = 1A83EC4625518CB20073D4AC /* Build configuration list for PBXProject "20 super" */;
			compatibilityVersion = "Xcode 9.3";
			developmentRegion = en;
			hasScannedForEncodings = 0;
			knownRegions = (
				en,
				Base,
			);
			mainGroup = 1A83EC4225518CB20073D4AC;
			productRefGroup = 1A83EC4C25518CB20073D4AC /* Products */;
			projectDirPath = "";
			projectRoot = "";
			targets = (
				1A83EC4A25518CB20073D4AC /* 20 super */,
			);
		};
/* End PBXProject section */

/* Begin PBXResourcesBuildPhase section */
		1A83EC4925518CB20073D4AC /* Resources */ = {
			isa = PBXResourcesBuildPhase;
			buildActionMask = 2147483647;
			files = (
				1A83EC5E25518CB50073D4AC /* LaunchScreen.storyboard in Resources */,
				1A83EC5B25518CB50073D4AC /* Assets.xcassets in Resources */,
				1A83EC5925518CB20073D4AC /* Main.storyboard in Resources */,
			);
			runOnlyForDeploymentPostprocessing = 0;
		};
/* End PBXResourcesBuildPhase section */

/* Begin PBXSourcesBuildPhase section */
		1A83EC4725518CB20073D4AC /* Sources */ = {
			isa = PBXSourcesBuildPhase;
			buildActionMask = 2147483647;
			files = (
				1A83EC5625518CB20073D4AC /* ViewController.m in Sources */,
				1A83EC5025518CB20073D4AC /* AppDelegate.m in Sources */,
				1A83EC6A25518CD00073D4AC /* Person.m in Sources */,
				1A83EC6125518CB50073D4AC /* main.m in Sources */,
				1A83EC5325518CB20073D4AC /* SceneDelegate.m in Sources */,
			);
			runOnlyForDeploymentPostprocessing = 0;
		};
/* End PBXSourcesBuildPhase section */

/* Begin PBXVariantGroup section */
		1A83EC5725518CB20073D4AC /* Main.storyboard */ = {
			isa = PBXVariantGroup;
			children = (
				1A83EC5825518CB20073D4AC /* Base */,
			);
			name = Main.storyboard;
			sourceTree = "<group>";
		};
		1A83EC5C25518CB50073D4AC /* LaunchScreen.storyboard */ = {
			isa = PBXVariantGroup;
			children = (
				1A83EC5D25518CB50073D4AC /* Base */,
			);
			name = LaunchScreen.storyboard;
			sourceTree = "<group>";
		};
/* End PBXVariantGroup section */

/* Begin XCBuildConfiguration section */
		1A83EC6225518CB50073D4AC /* Debug */ = {
			isa = XCBuildConfiguration;
			buildSettings = {
				ALWAYS_SEARCH_USER_PATHS = NO;
				CLANG_ANALYZER_NONNULL = YES;
				CLANG_ANALYZER_NUMBER_OBJECT_CONVERSION = YES_AGGRESSIVE;
				CLANG_CXX_LANGUAGE_STANDARD = "gnu++14";
				CLANG_CXX_LIBRARY = "libc++";
				CLANG_ENABLE_MODULES = YES;
				CLANG_ENABLE_OBJC_ARC = YES;
				CLANG_ENABLE_OBJC_WEAK = YES;
				CLANG_WARN_BLOCK_CAPTURE_AUTORELEASING = YES;
				CLANG_WARN_BOOL_CONVERSION = YES;
				CLANG_WARN_COMMA = YES;
				CLANG_WARN_CONSTANT_CONVERSION = YES;
				CLANG_WARN_DEPRECATED_OBJC_IMPLEMENTATIONS = YES;
				CLANG_WARN_DIRECT_OBJC_ISA_USAGE = YES_ERROR;
				CLANG_WARN_DOCUMENTATION_COMMENTS = YES;
				CLANG_WARN_EMPTY_BODY = YES;
				CLANG_WARN_ENUM_CONVERSION = YES;
				CLANG_WARN_INFINITE_RECURSION = YES;
				CLANG_WARN_INT_CONVERSION = YES;
				CLANG_WARN_NON_LITERAL_NULL_CONVERSION = YES;
				CLANG_WARN_OBJC_IMPLICIT_RETAIN_SELF = YES;
				CLANG_WARN_OBJC_LITERAL_CONVERSION = YES;
				CLANG_WARN_OBJC_ROOT_CLASS = YES_ERROR;
				CLANG_WARN_QUOTED_INCLUDE_IN_FRAMEWORK_HEADER = YES;
				CLANG_WARN_RANGE_LOOP_ANALYSIS = YES;
				CLANG_WARN_STRICT_PROTOTYPES = YES;
				CLANG_WARN_SUSPICIOUS_MOVE = YES;
				CLANG_WARN_UNGUARDED_AVAILABILITY = YES_AGGRESSIVE;
				CLANG_WARN_UNREACHABLE_CODE = YES;
				CLANG_WARN__DUPLICATE_METHOD_MATCH = YES;
				COPY_PHASE_STRIP = NO;
				DEBUG_INFORMATION_FORMAT = dwarf;
				ENABLE_STRICT_OBJC_MSGSEND = YES;
				ENABLE_TESTABILITY = YES;
				GCC_C_LANGUAGE_STANDARD = gnu11;
				GCC_DYNAMIC_NO_PIC = NO;
				GCC_NO_COMMON_BLOCKS = YES;
				GCC_OPTIMIZATION_LEVEL = 0;
				GCC_PREPROCESSOR_DEFINITIONS = (
					"DEBUG=1",
					"$(inherited)",
				);
				GCC_WARN_64_TO_32_BIT_CONVERSION = YES;
				GCC_WARN_ABOUT_RETURN_TYPE = YES_ERROR;
				GCC_WARN_UNDECLARED_SELECTOR = YES;
				GCC_WARN_UNINITIALIZED_AUTOS = YES_AGGRESSIVE;
				GCC_WARN_UNUSED_FUNCTION = YES;
				GCC_WARN_UNUSED_VARIABLE = YES;
				IPHONEOS_DEPLOYMENT_TARGET = 14.0;
				MTL_ENABLE_DEBUG_INFO = INCLUDE_SOURCE;
				MTL_FAST_MATH = YES;
				ONLY_ACTIVE_ARCH = YES;
				SDKROOT = iphoneos;
			};
			name = Debug;
		};
		1A83EC6325518CB50073D4AC /* Release */ = {
			isa = XCBuildConfiguration;
			buildSettings = {
				ALWAYS_SEARCH_USER_PATHS = NO;
				CLANG_ANALYZER_NONNULL = YES;
				CLANG_ANALYZER_NUMBER_OBJECT_CONVERSION = YES_AGGRESSIVE;
				CLANG_CXX_LANGUAGE_STANDARD = "gnu++14";
				CLANG_CXX_LIBRARY = "libc++";
				CLANG_ENABLE_MODULES = YES;
				CLANG_ENABLE_OBJC_ARC = YES;
				CLANG_ENABLE_OBJC_WEAK = YES;
				CLANG_WARN_BLOCK_CAPTURE_AUTORELEASING = YES;
				CLANG_WARN_BOOL_CONVERSION = YES;
				CLANG_WARN_COMMA = YES;
				CLANG_WARN_CONSTANT_CONVERSION = YES;
				CLANG_WARN_DEPRECATED_OBJC_IMPLEMENTATIONS = YES;
				CLANG_WARN_DIRECT_OBJC_ISA_USAGE = YES_ERROR;
				CLANG_WARN_DOCUMENTATION_COMMENTS = YES;
				CLANG_WARN_EMPTY_BODY = YES;
				CLANG_WARN_ENUM_CONVERSION = YES;
				CLANG_WARN_INFINITE_RECURSION = YES;
				CLANG_WARN_INT_CONVERSION = YES;
				CLANG_WARN_NON_LITERAL_NULL_CONVERSION = YES;
				CLANG_WARN_OBJC_IMPLICIT_RETAIN_SELF = YES;
				CLANG_WARN_OBJC_LITERAL_CONVERSION = YES;
				CLANG_WARN_OBJC_ROOT_CLASS = YES_ERROR;
				CLANG_WARN_QUOTED_INCLUDE_IN_FRAMEWORK_HEADER = YES;
				CLANG_WARN_RANGE_LOOP_ANALYSIS = YES;
				CLANG_WARN_STRICT_PROTOTYPES = YES;
				CLANG_WARN_SUSPICIOUS_MOVE = YES;
				CLANG_WARN_UNGUARDED_AVAILABILITY = YES_AGGRESSIVE;
				CLANG_WARN_UNREACHABLE_CODE = YES;
				CLANG_WARN__DUPLICATE_METHOD_MATCH = YES;
				COPY_PHASE_STRIP = NO;
				DEBUG_INFORMATION_FORMAT = "dwarf-with-dsym";
				ENABLE_NS_ASSERTIONS = NO;
				ENABLE_STRICT_OBJC_MSGSEND = YES;
				GCC_C_LANGUAGE_STANDARD = gnu11;
				GCC_NO_COMMON_BLOCKS = YES;
				GCC_WARN_64_TO_32_BIT_CONVERSION = YES;
				GCC_WARN_ABOUT_RETURN_TYPE = YES_ERROR;
				GCC_WARN_UNDECLARED_SELECTOR = YES;
				GCC_WARN_UNINITIALIZED_AUTOS = YES_AGGRESSIVE;
				GCC_WARN_UNUSED_FUNCTION = YES;
				GCC_WARN_UNUSED_VARIABLE = YES;
				IPHONEOS_DEPLOYMENT_TARGET = 14.0;
				MTL_ENABLE_DEBUG_INFO = NO;
				MTL_FAST_MATH = YES;
				SDKROOT = iphoneos;
				VALIDATE_PRODUCT = YES;
			};
			name = Release;
		};
		1A83EC6525518CB50073D4AC /* Debug */ = {
			isa = XCBuildConfiguration;
			buildSettings = {
				ASSETCATALOG_COMPILER_APPICON_NAME = AppIcon;
				ASSETCATALOG_COMPILER_GLOBAL_ACCENT_COLOR_NAME = AccentColor;
				CODE_SIGN_STYLE = Automatic;
				INFOPLIST_FILE = "20 super/Info.plist";
				LD_RUNPATH_SEARCH_PATHS = (
					"$(inherited)",
					"@executable_path/Frameworks",
				);
				PRODUCT_BUNDLE_IDENTIFIER = "yyq.-0-super";
				PRODUCT_NAME = "$(TARGET_NAME)";
				TARGETED_DEVICE_FAMILY = "1,2";
			};
			name = Debug;
		};
		1A83EC6625518CB50073D4AC /* Release */ = {
			isa = XCBuildConfiguration;
			buildSettings = {
				ASSETCATALOG_COMPILER_APPICON_NAME = AppIcon;
				ASSETCATALOG_COMPILER_GLOBAL_ACCENT_COLOR_NAME = AccentColor;
				CODE_SIGN_STYLE = Automatic;
				INFOPLIST_FILE = "20 super/Info.plist";
				LD_RUNPATH_SEARCH_PATHS = (
					"$(inherited)",
					"@executable_path/Frameworks",
				);
				PRODUCT_BUNDLE_IDENTIFIER = "yyq.-0-super";
				PRODUCT_NAME = "$(TARGET_NAME)";
				TARGETED_DEVICE_FAMILY = "1,2";
			};
			name = Release;
		};
/* End XCBuildConfiguration section */

/* Begin XCConfigurationList section */
		1A83EC4625518CB20073D4AC /* Build configuration list for PBXProject "20 super" */ = {
			isa = XCConfigurationList;
			buildConfigurations = (
				1A83EC6225518CB50073D4AC /* Debug */,
				1A83EC6325518CB50073D4AC /* Release */,
			);
			defaultConfigurationIsVisible = 0;
			defaultConfigurationName = Release;
		};
		1A83EC6425518CB50073D4AC /* Build configuration list for PBXNativeTarget "20 super" */ = {
			isa = XCConfigurationList;
			buildConfigurations = (
				1A83EC6525518CB50073D4AC /* Debug */,
				1A83EC6625518CB50073D4AC /* Release */,
			);
			defaultConfigurationIsVisible = 0;
			defaultConfigurationName = Release;
		};
/* End XCConfigurationList section */
	};
	rootObject = 1A83EC4325518CB20073D4AC /* Project object */;
}
